// !$*UTF8*$!
{
	archiveVersion = 1;
	classes = {
	};
	objectVersion = 50;
	objects = {

/* Begin PBXBuildFile section */
		12A8F9D4207E87F200EB6F8F /* AppDelegate.swift in Sources */ = {isa = PBXBuildFile; fileRef = 12A8F9D3207E87F200EB6F8F /* AppDelegate.swift */; };
		12A8F9D6207E87F200EB6F8F /* CaptureController.swift in Sources */ = {isa = PBXBuildFile; fileRef = 12A8F9D5207E87F200EB6F8F /* CaptureController.swift */; };
		12A8F9D9207E87F200EB6F8F /* Main.storyboard in Resources */ = {isa = PBXBuildFile; fileRef = 12A8F9D7207E87F200EB6F8F /* Main.storyboard */; };
		12A8F9DB207E87F300EB6F8F /* Assets.xcassets in Resources */ = {isa = PBXBuildFile; fileRef = 12A8F9DA207E87F300EB6F8F /* Assets.xcassets */; };
		12A8F9DE207E87F300EB6F8F /* LaunchScreen.storyboard in Resources */ = {isa = PBXBuildFile; fileRef = 12A8F9DC207E87F300EB6F8F /* LaunchScreen.storyboard */; };
		12A8F9E9207E87F300EB6F8F /* ConstructionMLTests.swift in Sources */ = {isa = PBXBuildFile; fileRef = 12A8F9E8207E87F300EB6F8F /* ConstructionMLTests.swift */; };
		12A8F9F4207E87F300EB6F8F /* ConstructionMLUITests.swift in Sources */ = {isa = PBXBuildFile; fileRef = 12A8F9F3207E87F300EB6F8F /* ConstructionMLUITests.swift */; };
		12A8FA0B207E8AC000EB6F8F /* Inceptionv3.mlmodel in Sources */ = {isa = PBXBuildFile; fileRef = 12A8FA0A207E8AC000EB6F8F /* Inceptionv3.mlmodel */; };
		12A8FA0E207E8C6C00EB6F8F /* UIImageExtensions.swift in Sources */ = {isa = PBXBuildFile; fileRef = 12A8FA0D207E8C6C00EB6F8F /* UIImageExtensions.swift */; };
		12A8FA11207E9F7600EB6F8F /* CaptureView.swift in Sources */ = {isa = PBXBuildFile; fileRef = 12A8FA10207E9F7600EB6F8F /* CaptureView.swift */; };
		12A9123420815EA100801BC6 /* Dogs.mlmodel in Sources */ = {isa = PBXBuildFile; fileRef = 12A9123320815EA100801BC6 /* Dogs.mlmodel */; };
/* End PBXBuildFile section */

/* Begin PBXContainerItemProxy section */
		12A8F9E5207E87F300EB6F8F /* PBXContainerItemProxy */ = {
			isa = PBXContainerItemProxy;
			containerPortal = 12A8F9C8207E87F200EB6F8F /* Project object */;
			proxyType = 1;
			remoteGlobalIDString = 12A8F9CF207E87F200EB6F8F;
			remoteInfo = ConstructionML;
		};
		12A8F9F0207E87F300EB6F8F /* PBXContainerItemProxy */ = {
			isa = PBXContainerItemProxy;
			containerPortal = 12A8F9C8207E87F200EB6F8F /* Project object */;
			proxyType = 1;
			remoteGlobalIDString = 12A8F9CF207E87F200EB6F8F;
			remoteInfo = ConstructionML;
		};
/* End PBXContainerItemProxy section */

/* Begin PBXFileReference section */
		12A8F9D0207E87F200EB6F8F /* ConstructionML.app */ = {isa = PBXFileReference; explicitFileType = wrapper.application; includeInIndex = 0; path = ConstructionML.app; sourceTree = BUILT_PRODUCTS_DIR; };
		12A8F9D3207E87F200EB6F8F /* AppDelegate.swift */ = {isa = PBXFileReference; lastKnownFileType = sourcecode.swift; path = AppDelegate.swift; sourceTree = "<group>"; };
		12A8F9D5207E87F200EB6F8F /* CaptureController.swift */ = {isa = PBXFileReference; lastKnownFileType = sourcecode.swift; path = CaptureController.swift; sourceTree = "<group>"; };
		12A8F9D8207E87F200EB6F8F /* Base */ = {isa = PBXFileReference; lastKnownFileType = file.storyboard; name = Base; path = Base.lproj/Main.storyboard; sourceTree = "<group>"; };
		12A8F9DA207E87F300EB6F8F /* Assets.xcassets */ = {isa = PBXFileReference; lastKnownFileType = folder.assetcatalog; path = Assets.xcassets; sourceTree = "<group>"; };
		12A8F9DD207E87F300EB6F8F /* Base */ = {isa = PBXFileReference; lastKnownFileType = file.storyboard; name = Base; path = Base.lproj/LaunchScreen.storyboard; sourceTree = "<group>"; };
		12A8F9DF207E87F300EB6F8F /* Info.plist */ = {isa = PBXFileReference; lastKnownFileType = text.plist.xml; path = Info.plist; sourceTree = "<group>"; };
		12A8F9E4207E87F300EB6F8F /* ConstructionMLTests.xctest */ = {isa = PBXFileReference; explicitFileType = wrapper.cfbundle; includeInIndex = 0; path = ConstructionMLTests.xctest; sourceTree = BUILT_PRODUCTS_DIR; };
		12A8F9E8207E87F300EB6F8F /* ConstructionMLTests.swift */ = {isa = PBXFileReference; lastKnownFileType = sourcecode.swift; path = ConstructionMLTests.swift; sourceTree = "<group>"; };
		12A8F9EA207E87F300EB6F8F /* Info.plist */ = {isa = PBXFileReference; lastKnownFileType = text.plist.xml; path = Info.plist; sourceTree = "<group>"; };
		12A8F9EF207E87F300EB6F8F /* ConstructionMLUITests.xctest */ = {isa = PBXFileReference; explicitFileType = wrapper.cfbundle; includeInIndex = 0; path = ConstructionMLUITests.xctest; sourceTree = BUILT_PRODUCTS_DIR; };
		12A8F9F3207E87F300EB6F8F /* ConstructionMLUITests.swift */ = {isa = PBXFileReference; lastKnownFileType = sourcecode.swift; path = ConstructionMLUITests.swift; sourceTree = "<group>"; };
		12A8F9F5207E87F300EB6F8F /* Info.plist */ = {isa = PBXFileReference; lastKnownFileType = text.plist.xml; path = Info.plist; sourceTree = "<group>"; };
		12A8FA0A207E8AC000EB6F8F /* Inceptionv3.mlmodel */ = {isa = PBXFileReference; lastKnownFileType = file.mlmodel; path = Inceptionv3.mlmodel; sourceTree = "<group>"; };
		12A8FA0D207E8C6C00EB6F8F /* UIImageExtensions.swift */ = {isa = PBXFileReference; lastKnownFileType = sourcecode.swift; path = UIImageExtensions.swift; sourceTree = "<group>"; };
		12A8FA10207E9F7600EB6F8F /* CaptureView.swift */ = {isa = PBXFileReference; lastKnownFileType = sourcecode.swift; path = CaptureView.swift; sourceTree = "<group>"; };
		12A9123320815EA100801BC6 /* Dogs.mlmodel */ = {isa = PBXFileReference; lastKnownFileType = file.mlmodel; path = Dogs.mlmodel; sourceTree = "<group>"; };
/* End PBXFileReference section */

/* Begin PBXFrameworksBuildPhase section */
		12A8F9CD207E87F200EB6F8F /* Frameworks */ = {
			isa = PBXFrameworksBuildPhase;
			buildActionMask = 2147483647;
			files = (
			);
			runOnlyForDeploymentPostprocessing = 0;
		};
		12A8F9E1207E87F300EB6F8F /* Frameworks */ = {
			isa = PBXFrameworksBuildPhase;
			buildActionMask = 2147483647;
			files = (
			);
			runOnlyForDeploymentPostprocessing = 0;
		};
		12A8F9EC207E87F300EB6F8F /* Frameworks */ = {
			isa = PBXFrameworksBuildPhase;
			buildActionMask = 2147483647;
			files = (
			);
			runOnlyForDeploymentPostprocessing = 0;
		};
/* End PBXFrameworksBuildPhase section */

/* Begin PBXGroup section */
		12A8F9C7207E87F200EB6F8F = {
			isa = PBXGroup;
			children = (
				12A8F9D2207E87F200EB6F8F /* ConstructionML */,
				12A8F9E7207E87F300EB6F8F /* ConstructionMLTests */,
				12A8F9F2207E87F300EB6F8F /* ConstructionMLUITests */,
				12A8F9D1207E87F200EB6F8F /* Products */,
			);
			sourceTree = "<group>";
		};
		12A8F9D1207E87F200EB6F8F /* Products */ = {
			isa = PBXGroup;
			children = (
				12A8F9D0207E87F200EB6F8F /* ConstructionML.app */,
				12A8F9E4207E87F300EB6F8F /* ConstructionMLTests.xctest */,
				12A8F9EF207E87F300EB6F8F /* ConstructionMLUITests.xctest */,
			);
			name = Products;
			sourceTree = "<group>";
		};
		12A8F9D2207E87F200EB6F8F /* ConstructionML */ = {
			isa = PBXGroup;
			children = (
				12A8FA01207E880400EB6F8F /* Classes */,
				12A8FA05207E8A6100EB6F8F /* MLModels */,
				12A8FA02207E880D00EB6F8F /* Storyboards */,
				12A8FA03207E881700EB6F8F /* Resources */,
			);
			path = ConstructionML;
			sourceTree = "<group>";
		};
		12A8F9E7207E87F300EB6F8F /* ConstructionMLTests */ = {
			isa = PBXGroup;
			children = (
				12A8F9E8207E87F300EB6F8F /* ConstructionMLTests.swift */,
				12A8F9EA207E87F300EB6F8F /* Info.plist */,
			);
			path = ConstructionMLTests;
			sourceTree = "<group>";
		};
		12A8F9F2207E87F300EB6F8F /* ConstructionMLUITests */ = {
			isa = PBXGroup;
			children = (
				12A8F9F3207E87F300EB6F8F /* ConstructionMLUITests.swift */,
				12A8F9F5207E87F300EB6F8F /* Info.plist */,
			);
			path = ConstructionMLUITests;
			sourceTree = "<group>";
		};
		12A8FA01207E880400EB6F8F /* Classes */ = {
			isa = PBXGroup;
			children = (
				12A8F9D3207E87F200EB6F8F /* AppDelegate.swift */,
				12A8FA0F207E9F2900EB6F8F /* Views */,
				12A8FA04207E896900EB6F8F /* Controllers */,
				12A8FA0C207E8C5700EB6F8F /* Extensions */,
			);
			path = Classes;
			sourceTree = "<group>";
		};
		12A8FA02207E880D00EB6F8F /* Storyboards */ = {
			isa = PBXGroup;
			children = (
				12A8F9D7207E87F200EB6F8F /* Main.storyboard */,
				12A8F9DC207E87F300EB6F8F /* LaunchScreen.storyboard */,
			);
			path = Storyboards;
			sourceTree = "<group>";
		};
		12A8FA03207E881700EB6F8F /* Resources */ = {
			isa = PBXGroup;
			children = (
				12A8F9DA207E87F300EB6F8F /* Assets.xcassets */,
				12A8F9DF207E87F300EB6F8F /* Info.plist */,
			);
			path = Resources;
			sourceTree = "<group>";
		};
		12A8FA04207E896900EB6F8F /* Controllers */ = {
			isa = PBXGroup;
			children = (
				12A8F9D5207E87F200EB6F8F /* CaptureController.swift */,
			);
			path = Controllers;
			sourceTree = "<group>";
		};
		12A8FA05207E8A6100EB6F8F /* MLModels */ = {
			isa = PBXGroup;
			children = (
				12A9123320815EA100801BC6 /* Dogs.mlmodel */,
				12A8FA0A207E8AC000EB6F8F /* Inceptionv3.mlmodel */,
			);
			path = MLModels;
			sourceTree = "<group>";
		};
		12A8FA0C207E8C5700EB6F8F /* Extensions */ = {
			isa = PBXGroup;
			children = (
				12A8FA0D207E8C6C00EB6F8F /* UIImageExtensions.swift */,
			);
			path = Extensions;
			sourceTree = "<group>";
		};
		12A8FA0F207E9F2900EB6F8F /* Views */ = {
			isa = PBXGroup;
			children = (
				12A8FA10207E9F7600EB6F8F /* CaptureView.swift */,
			);
			path = Views;
			sourceTree = "<group>";
		};
/* End PBXGroup section */

/* Begin PBXNativeTarget section */
		12A8F9CF207E87F200EB6F8F /* ConstructionML */ = {
			isa = PBXNativeTarget;
			buildConfigurationList = 12A8F9F8207E87F300EB6F8F /* Build configuration list for PBXNativeTarget "ConstructionML" */;
			buildPhases = (
				12A8F9CC207E87F200EB6F8F /* Sources */,
				12A8F9CD207E87F200EB6F8F /* Frameworks */,
				12A8F9CE207E87F200EB6F8F /* Resources */,
			);
			buildRules = (
			);
			dependencies = (
			);
			name = ConstructionML;
			productName = ConstructionML;
			productReference = 12A8F9D0207E87F200EB6F8F /* ConstructionML.app */;
			productType = "com.apple.product-type.application";
		};
		12A8F9E3207E87F300EB6F8F /* ConstructionMLTests */ = {
			isa = PBXNativeTarget;
			buildConfigurationList = 12A8F9FB207E87F300EB6F8F /* Build configuration list for PBXNativeTarget "ConstructionMLTests" */;
			buildPhases = (
				12A8F9E0207E87F300EB6F8F /* Sources */,
				12A8F9E1207E87F300EB6F8F /* Frameworks */,
				12A8F9E2207E87F300EB6F8F /* Resources */,
			);
			buildRules = (
			);
			dependencies = (
				12A8F9E6207E87F300EB6F8F /* PBXTargetDependency */,
			);
			name = ConstructionMLTests;
			productName = ConstructionMLTests;
			productReference = 12A8F9E4207E87F300EB6F8F /* ConstructionMLTests.xctest */;
			productType = "com.apple.product-type.bundle.unit-test";
		};
		12A8F9EE207E87F300EB6F8F /* ConstructionMLUITests */ = {
			isa = PBXNativeTarget;
			buildConfigurationList = 12A8F9FE207E87F300EB6F8F /* Build configuration list for PBXNativeTarget "ConstructionMLUITests" */;
			buildPhases = (
				12A8F9EB207E87F300EB6F8F /* Sources */,
				12A8F9EC207E87F300EB6F8F /* Frameworks */,
				12A8F9ED207E87F300EB6F8F /* Resources */,
			);
			buildRules = (
			);
			dependencies = (
				12A8F9F1207E87F300EB6F8F /* PBXTargetDependency */,
			);
			name = ConstructionMLUITests;
			productName = ConstructionMLUITests;
			productReference = 12A8F9EF207E87F300EB6F8F /* ConstructionMLUITests.xctest */;
			productType = "com.apple.product-type.bundle.ui-testing";
		};
/* End PBXNativeTarget section */

/* Begin PBXProject section */
		12A8F9C8207E87F200EB6F8F /* Project object */ = {
			isa = PBXProject;
			attributes = {
				LastSwiftUpdateCheck = 0930;
				LastUpgradeCheck = 0930;
				ORGANIZATIONNAME = "Kevin McKee";
				TargetAttributes = {
					12A8F9CF207E87F200EB6F8F = {
						CreatedOnToolsVersion = 9.3;
					};
					12A8F9E3207E87F300EB6F8F = {
						CreatedOnToolsVersion = 9.3;
						TestTargetID = 12A8F9CF207E87F200EB6F8F;
					};
					12A8F9EE207E87F300EB6F8F = {
						CreatedOnToolsVersion = 9.3;
						TestTargetID = 12A8F9CF207E87F200EB6F8F;
					};
				};
			};
			buildConfigurationList = 12A8F9CB207E87F200EB6F8F /* Build configuration list for PBXProject "ConstructionML" */;
			compatibilityVersion = "Xcode 9.3";
			developmentRegion = en;
			hasScannedForEncodings = 0;
			knownRegions = (
				en,
				Base,
			);
			mainGroup = 12A8F9C7207E87F200EB6F8F;
			productRefGroup = 12A8F9D1207E87F200EB6F8F /* Products */;
			projectDirPath = "";
			projectRoot = "";
			targets = (
				12A8F9CF207E87F200EB6F8F /* ConstructionML */,
				12A8F9E3207E87F300EB6F8F /* ConstructionMLTests */,
				12A8F9EE207E87F300EB6F8F /* ConstructionMLUITests */,
			);
		};
/* End PBXProject section */

/* Begin PBXResourcesBuildPhase section */
		12A8F9CE207E87F200EB6F8F /* Resources */ = {
			isa = PBXResourcesBuildPhase;
			buildActionMask = 2147483647;
			files = (
				12A8F9DE207E87F300EB6F8F /* LaunchScreen.storyboard in Resources */,
				12A8F9DB207E87F300EB6F8F /* Assets.xcassets in Resources */,
				12A8F9D9207E87F200EB6F8F /* Main.storyboard in Resources */,
			);
			runOnlyForDeploymentPostprocessing = 0;
		};
		12A8F9E2207E87F300EB6F8F /* Resources */ = {
			isa = PBXResourcesBuildPhase;
			buildActionMask = 2147483647;
			files = (
			);
			runOnlyForDeploymentPostprocessing = 0;
		};
		12A8F9ED207E87F300EB6F8F /* Resources */ = {
			isa = PBXResourcesBuildPhase;
			buildActionMask = 2147483647;
			files = (
			);
			runOnlyForDeploymentPostprocessing = 0;
		};
/* End PBXResourcesBuildPhase section */

/* Begin PBXSourcesBuildPhase section */
		12A8F9CC207E87F200EB6F8F /* Sources */ = {
			isa = PBXSourcesBuildPhase;
			buildActionMask = 2147483647;
			files = (
				12A8F9D6207E87F200EB6F8F /* CaptureController.swift in Sources */,
				12A8FA0B207E8AC000EB6F8F /* Inceptionv3.mlmodel in Sources */,
				12A8F9D4207E87F200EB6F8F /* AppDelegate.swift in Sources */,
				12A9123420815EA100801BC6 /* Dogs.mlmodel in Sources */,
				12A8FA0E207E8C6C00EB6F8F /* UIImageExtensions.swift in Sources */,
				12A8FA11207E9F7600EB6F8F /* CaptureView.swift in Sources */,
			);
			runOnlyForDeploymentPostprocessing = 0;
		};
		12A8F9E0207E87F300EB6F8F /* Sources */ = {
			isa = PBXSourcesBuildPhase;
			buildActionMask = 2147483647;
			files = (
				12A8F9E9207E87F300EB6F8F /* ConstructionMLTests.swift in Sources */,
			);
			runOnlyForDeploymentPostprocessing = 0;
		};
		12A8F9EB207E87F300EB6F8F /* Sources */ = {
			isa = PBXSourcesBuildPhase;
			buildActionMask = 2147483647;
			files = (
				12A8F9F4207E87F300EB6F8F /* ConstructionMLUITests.swift in Sources */,
			);
			runOnlyForDeploymentPostprocessing = 0;
		};
/* End PBXSourcesBuildPhase section */

/* Begin PBXTargetDependency section */
		12A8F9E6207E87F300EB6F8F /* PBXTargetDependency */ = {
			isa = PBXTargetDependency;
			target = 12A8F9CF207E87F200EB6F8F /* ConstructionML */;
			targetProxy = 12A8F9E5207E87F300EB6F8F /* PBXContainerItemProxy */;
		};
		12A8F9F1207E87F300EB6F8F /* PBXTargetDependency */ = {
			isa = PBXTargetDependency;
			target = 12A8F9CF207E87F200EB6F8F /* ConstructionML */;
			targetProxy = 12A8F9F0207E87F300EB6F8F /* PBXContainerItemProxy */;
		};
/* End PBXTargetDependency section */

/* Begin PBXVariantGroup section */
		12A8F9D7207E87F200EB6F8F /* Main.storyboard */ = {
			isa = PBXVariantGroup;
			children = (
				12A8F9D8207E87F200EB6F8F /* Base */,
			);
			name = Main.storyboard;
			sourceTree = "<group>";
		};
		12A8F9DC207E87F300EB6F8F /* LaunchScreen.storyboard */ = {
			isa = PBXVariantGroup;
			children = (
				12A8F9DD207E87F300EB6F8F /* Base */,
			);
			name = LaunchScreen.storyboard;
			sourceTree = "<group>";
		};
/* End PBXVariantGroup section */

/* Begin XCBuildConfiguration section */
		12A8F9F6207E87F300EB6F8F /* Debug */ = {
			isa = XCBuildConfiguration;
			buildSettings = {
				ALWAYS_SEARCH_USER_PATHS = NO;
				CLANG_ANALYZER_NONNULL = YES;
				CLANG_ANALYZER_NUMBER_OBJECT_CONVERSION = YES_AGGRESSIVE;
				CLANG_CXX_LANGUAGE_STANDARD = "gnu++14";
				CLANG_CXX_LIBRARY = "libc++";
				CLANG_ENABLE_MODULES = YES;
				CLANG_ENABLE_OBJC_ARC = YES;
				CLANG_ENABLE_OBJC_WEAK = YES;
				CLANG_WARN_BLOCK_CAPTURE_AUTORELEASING = YES;
				CLANG_WARN_BOOL_CONVERSION = YES;
				CLANG_WARN_COMMA = YES;
				CLANG_WARN_CONSTANT_CONVERSION = YES;
				CLANG_WARN_DEPRECATED_OBJC_IMPLEMENTATIONS = YES;
				CLANG_WARN_DIRECT_OBJC_ISA_USAGE = YES_ERROR;
				CLANG_WARN_DOCUMENTATION_COMMENTS = YES;
				CLANG_WARN_EMPTY_BODY = YES;
				CLANG_WARN_ENUM_CONVERSION = YES;
				CLANG_WARN_INFINITE_RECURSION = YES;
				CLANG_WARN_INT_CONVERSION = YES;
				CLANG_WARN_NON_LITERAL_NULL_CONVERSION = YES;
				CLANG_WARN_OBJC_IMPLICIT_RETAIN_SELF = YES;
				CLANG_WARN_OBJC_LITERAL_CONVERSION = YES;
				CLANG_WARN_OBJC_ROOT_CLASS = YES_ERROR;
				CLANG_WARN_RANGE_LOOP_ANALYSIS = YES;
				CLANG_WARN_STRICT_PROTOTYPES = YES;
				CLANG_WARN_SUSPICIOUS_MOVE = YES;
				CLANG_WARN_UNGUARDED_AVAILABILITY = YES_AGGRESSIVE;
				CLANG_WARN_UNREACHABLE_CODE = YES;
				CLANG_WARN__DUPLICATE_METHOD_MATCH = YES;
				CODE_SIGN_IDENTITY = "iPhone Developer";
				COPY_PHASE_STRIP = NO;
				DEBUG_INFORMATION_FORMAT = dwarf;
				ENABLE_STRICT_OBJC_MSGSEND = YES;
				ENABLE_TESTABILITY = YES;
				GCC_C_LANGUAGE_STANDARD = gnu11;
				GCC_DYNAMIC_NO_PIC = NO;
				GCC_NO_COMMON_BLOCKS = YES;
				GCC_OPTIMIZATION_LEVEL = 0;
				GCC_PREPROCESSOR_DEFINITIONS = (
					"DEBUG=1",
					"$(inherited)",
				);
				GCC_WARN_64_TO_32_BIT_CONVERSION = YES;
				GCC_WARN_ABOUT_RETURN_TYPE = YES_ERROR;
				GCC_WARN_UNDECLARED_SELECTOR = YES;
				GCC_WARN_UNINITIALIZED_AUTOS = YES_AGGRESSIVE;
				GCC_WARN_UNUSED_FUNCTION = YES;
				GCC_WARN_UNUSED_VARIABLE = YES;
				IPHONEOS_DEPLOYMENT_TARGET = 11.3;
				MTL_ENABLE_DEBUG_INFO = YES;
				ONLY_ACTIVE_ARCH = YES;
				SDKROOT = iphoneos;
				SWIFT_ACTIVE_COMPILATION_CONDITIONS = DEBUG;
				SWIFT_OPTIMIZATION_LEVEL = "-Onone";
			};
			name = Debug;
		};
		12A8F9F7207E87F300EB6F8F /* Release */ = {
			isa = XCBuildConfiguration;
			buildSettings = {
				ALWAYS_SEARCH_USER_PATHS = NO;
				CLANG_ANALYZER_NONNULL = YES;
				CLANG_ANALYZER_NUMBER_OBJECT_CONVERSION = YES_AGGRESSIVE;
				CLANG_CXX_LANGUAGE_STANDARD = "gnu++14";
				CLANG_CXX_LIBRARY = "libc++";
				CLANG_ENABLE_MODULES = YES;
				CLANG_ENABLE_OBJC_ARC = YES;
				CLANG_ENABLE_OBJC_WEAK = YES;
				CLANG_WARN_BLOCK_CAPTURE_AUTORELEASING = YES;
				CLANG_WARN_BOOL_CONVERSION = YES;
				CLANG_WARN_COMMA = YES;
				CLANG_WARN_CONSTANT_CONVERSION = YES;
				CLANG_WARN_DEPRECATED_OBJC_IMPLEMENTATIONS = YES;
				CLANG_WARN_DIRECT_OBJC_ISA_USAGE = YES_ERROR;
				CLANG_WARN_DOCUMENTATION_COMMENTS = YES;
				CLANG_WARN_EMPTY_BODY = YES;
				CLANG_WARN_ENUM_CONVERSION = YES;
				CLANG_WARN_INFINITE_RECURSION = YES;
				CLANG_WARN_INT_CONVERSION = YES;
				CLANG_WARN_NON_LITERAL_NULL_CONVERSION = YES;
				CLANG_WARN_OBJC_IMPLICIT_RETAIN_SELF = YES;
				CLANG_WARN_OBJC_LITERAL_CONVERSION = YES;
				CLANG_WARN_OBJC_ROOT_CLASS = YES_ERROR;
				CLANG_WARN_RANGE_LOOP_ANALYSIS = YES;
				CLANG_WARN_STRICT_PROTOTYPES = YES;
				CLANG_WARN_SUSPICIOUS_MOVE = YES;
				CLANG_WARN_UNGUARDED_AVAILABILITY = YES_AGGRESSIVE;
				CLANG_WARN_UNREACHABLE_CODE = YES;
				CLANG_WARN__DUPLICATE_METHOD_MATCH = YES;
				CODE_SIGN_IDENTITY = "iPhone Developer";
				COPY_PHASE_STRIP = NO;
				DEBUG_INFORMATION_FORMAT = "dwarf-with-dsym";
				ENABLE_NS_ASSERTIONS = NO;
				ENABLE_STRICT_OBJC_MSGSEND = YES;
				GCC_C_LANGUAGE_STANDARD = gnu11;
				GCC_NO_COMMON_BLOCKS = YES;
				GCC_WARN_64_TO_32_BIT_CONVERSION = YES;
				GCC_WARN_ABOUT_RETURN_TYPE = YES_ERROR;
				GCC_WARN_UNDECLARED_SELECTOR = YES;
				GCC_WARN_UNINITIALIZED_AUTOS = YES_AGGRESSIVE;
				GCC_WARN_UNUSED_FUNCTION = YES;
				GCC_WARN_UNUSED_VARIABLE = YES;
				IPHONEOS_DEPLOYMENT_TARGET = 11.3;
				MTL_ENABLE_DEBUG_INFO = NO;
				SDKROOT = iphoneos;
				SWIFT_COMPILATION_MODE = wholemodule;
				SWIFT_OPTIMIZATION_LEVEL = "-O";
				VALIDATE_PRODUCT = YES;
			};
			name = Release;
		};
		12A8F9F9207E87F300EB6F8F /* Debug */ = {
			isa = XCBuildConfiguration;
			buildSettings = {
				ASSETCATALOG_COMPILER_APPICON_NAME = AppIcon;
				CODE_SIGN_STYLE = Automatic;
				DEVELOPMENT_TEAM = Q69JMRS3FN;
				INFOPLIST_FILE = "$(SRCROOT)/ConstructionML/Resources/Info.plist";
				IPHONEOS_DEPLOYMENT_TARGET = 11.0;
				LD_RUNPATH_SEARCH_PATHS = (
					"$(inherited)",
					"@executable_path/Frameworks",
				);
				PRODUCT_BUNDLE_IDENTIFIER = com.procore.ConstructionML;
				PRODUCT_NAME = "$(TARGET_NAME)";
				SWIFT_VERSION = 4.0;
				TARGETED_DEVICE_FAMILY = "1,2";
			};
			name = Debug;
		};
		12A8F9FA207E87F300EB6F8F /* Release */ = {
			isa = XCBuildConfiguration;
			buildSettings = {
				ASSETCATALOG_COMPILER_APPICON_NAME = AppIcon;
				CODE_SIGN_STYLE = Automatic;
				DEVELOPMENT_TEAM = Q69JMRS3FN;
				INFOPLIST_FILE = "$(SRCROOT)/ConstructionML/Resources/Info.plist";
				IPHONEOS_DEPLOYMENT_TARGET = 11.0;
				LD_RUNPATH_SEARCH_PATHS = (
					"$(inherited)",
					"@executable_path/Frameworks",
				);
				PRODUCT_BUNDLE_IDENTIFIER = com.procore.ConstructionML;
				PRODUCT_NAME = "$(TARGET_NAME)";
				SWIFT_VERSION = 4.0;
				TARGETED_DEVICE_FAMILY = "1,2";
			};
			name = Release;
		};
		12A8F9FC207E87F300EB6F8F /* Debug */ = {
			isa = XCBuildConfiguration;
			buildSettings = {
				ALWAYS_EMBED_SWIFT_STANDARD_LIBRARIES = YES;
				BUNDLE_LOADER = "$(TEST_HOST)";
				CODE_SIGN_STYLE = Automatic;
				DEVELOPMENT_TEAM = H5ZTW5JSK5;
				INFOPLIST_FILE = ConstructionMLTests/Info.plist;
				LD_RUNPATH_SEARCH_PATHS = (
					"$(inherited)",
					"@executable_path/Frameworks",
					"@loader_path/Frameworks",
				);
				PRODUCT_BUNDLE_IDENTIFIER = com.procore.ConstructionMLTests;
				PRODUCT_NAME = "$(TARGET_NAME)";
				SWIFT_VERSION = 4.0;
				TARGETED_DEVICE_FAMILY = "1,2";
				TEST_HOST = "$(BUILT_PRODUCTS_DIR)/ConstructionML.app/ConstructionML";
			};
			name = Debug;
		};
		12A8F9FD207E87F300EB6F8F /* Release */ = {
			isa = XCBuildConfiguration;
			buildSettings = {
				ALWAYS_EMBED_SWIFT_STANDARD_LIBRARIES = YES;
				BUNDLE_LOADER = "$(TEST_HOST)";
				CODE_SIGN_STYLE = Automatic;
				DEVELOPMENT_TEAM = H5ZTW5JSK5;
				INFOPLIST_FILE = ConstructionMLTests/Info.plist;
				LD_RUNPATH_SEARCH_PATHS = (
					"$(inherited)",
					"@executable_path/Frameworks",
					"@loader_path/Frameworks",
				);
				PRODUCT_BUNDLE_IDENTIFIER = com.procore.ConstructionMLTests;
				PRODUCT_NAME = "$(TARGET_NAME)";
				SWIFT_VERSION = 4.0;
				TARGETED_DEVICE_FAMILY = "1,2";
				TEST_HOST = "$(BUILT_PRODUCTS_DIR)/ConstructionML.app/ConstructionML";
			};
			name = Release;
		};
		12A8F9FF207E87F300EB6F8F /* Debug */ = {
			isa = XCBuildConfiguration;
			buildSettings = {
				ALWAYS_EMBED_SWIFT_STANDARD_LIBRARIES = YES;
				CODE_SIGN_STYLE = Automatic;
				DEVELOPMENT_TEAM = H5ZTW5JSK5;
				INFOPLIST_FILE = ConstructionMLUITests/Info.plist;
				LD_RUNPATH_SEARCH_PATHS = (
					"$(inherited)",
					"@executable_path/Frameworks",
					"@loader_path/Frameworks",
				);
				PRODUCT_BUNDLE_IDENTIFIER = com.procore.ConstructionMLUITests;
				PRODUCT_NAME = "$(TARGET_NAME)";
				SWIFT_VERSION = 4.0;
				TARGETED_DEVICE_FAMILY = "1,2";
				TEST_TARGET_NAME = ConstructionML;
			};
			name = Debug;
		};
		12A8FA00207E87F300EB6F8F /* Release */ = {
			isa = XCBuildConfiguration;
			buildSettings = {
				ALWAYS_EMBED_SWIFT_STANDARD_LIBRARIES = YES;
				CODE_SIGN_STYLE = Automatic;
				DEVELOPMENT_TEAM = H5ZTW5JSK5;
				INFOPLIST_FILE = ConstructionMLUITests/Info.plist;
				LD_RUNPATH_SEARCH_PATHS = (
					"$(inherited)",
					"@executable_path/Frameworks",
					"@loader_path/Frameworks",
				);
				PRODUCT_BUNDLE_IDENTIFIER = com.procore.ConstructionMLUITests;
				PRODUCT_NAME = "$(TARGET_NAME)";
				SWIFT_VERSION = 4.0;
				TARGETED_DEVICE_FAMILY = "1,2";
				TEST_TARGET_NAME = ConstructionML;
			};
			name = Release;
		};
/* End XCBuildConfiguration section */

/* Begin XCConfigurationList section */
		12A8F9CB207E87F200EB6F8F /* Build configuration list for PBXProject "ConstructionML" */ = {
			isa = XCConfigurationList;
			buildConfigurations = (
				12A8F9F6207E87F300EB6F8F /* Debug */,
				12A8F9F7207E87F300EB6F8F /* Release */,
			);
			defaultConfigurationIsVisible = 0;
			defaultConfigurationName = Release;
		};
		12A8F9F8207E87F300EB6F8F /* Build configuration list for PBXNativeTarget "ConstructionML" */ = {
			isa = XCConfigurationList;
			buildConfigurations = (
				12A8F9F9207E87F300EB6F8F /* Debug */,
				12A8F9FA207E87F300EB6F8F /* Release */,
			);
			defaultConfigurationIsVisible = 0;
			defaultConfigurationName = Release;
		};
		12A8F9FB207E87F300EB6F8F /* Build configuration list for PBXNativeTarget "ConstructionMLTests" */ = {
			isa = XCConfigurationList;
			buildConfigurations = (
				12A8F9FC207E87F300EB6F8F /* Debug */,
				12A8F9FD207E87F300EB6F8F /* Release */,
			);
			defaultConfigurationIsVisible = 0;
			defaultConfigurationName = Release;
		};
		12A8F9FE207E87F300EB6F8F /* Build configuration list for PBXNativeTarget "ConstructionMLUITests" */ = {
			isa = XCConfigurationList;
			buildConfigurations = (
				12A8F9FF207E87F300EB6F8F /* Debug */,
				12A8FA00207E87F300EB6F8F /* Release */,
			);
			defaultConfigurationIsVisible = 0;
			defaultConfigurationName = Release;
		};
/* End XCConfigurationList section */
	};
	rootObject = 12A8F9C8207E87F200EB6F8F /* Project object */;
}
